
Microsoft Visual Studio Solution File, Format Version 12.00
# Visual Studio Version 16
VisualStudioVersion = 16.0.31911.196
MinimumVisualStudioVersion = 10.0.40219.1
Project("{FAE04EC0-301F-11D3-BF4B-00C04F79EFBC}") = "HaiSan", "HaiSan\HaiSan.csproj", "{9B67E7E0-7E8D-4B37-AF52-21DA410E52CA}"
EndProject
Global
	GlobalSection(SolutionConfigurationPlatforms) = preSolution
		Debug|Any CPU = Debug|Any CPU
		Release|Any CPU = Release|Any CPU
	EndGlobalSection
	GlobalSection(ProjectConfigurationPlatforms) = postSolution
		{9B67E7E0-7E8D-4B37-AF52-21DA410E52CA}.Debug|Any CPU.ActiveCfg = Debug|Any CPU
		{9B67E7E0-7E8D-4B37-AF52-21DA410E52CA}.Debug|Any CPU.Build.0 = Debug|Any CPU
		{9B67E7E0-7E8D-4B37-AF52-21DA410E52CA}.Release|Any CPU.ActiveCfg = Release|Any CPU
		{9B67E7E0-7E8D-4B37-AF52-21DA410E52CA}.Release|Any CPU.Build.0 = Release|Any CPU
	EndGlobalSection
	GlobalSection(SolutionProperties) = preSolution
		HideSolutionNode = FALSE
	EndGlobalSection
	GlobalSection(ExtensibilityGlobals) = postSolution
		SolutionGuid = {1C268EE8-03A9-4B32-A294-D4DFADA4F815}
	EndGlobalSection
EndGlobal
